// !$*UTF8*$!
{
	archiveVersion = 1;
	classes = {
	};
	objectVersion = 46;
	objects = {

/* Begin PBXBuildFile section */
		03B92FB51722FBBC00E6C244 /* UIKit.framework in Frameworks */ = {isa = PBXBuildFile; fileRef = 03B92FB41722FBBC00E6C244 /* UIKit.framework */; };
		03B92FB71722FBBC00E6C244 /* Foundation.framework in Frameworks */ = {isa = PBXBuildFile; fileRef = 03B92FB61722FBBC00E6C244 /* Foundation.framework */; };
		03B92FB91722FBBC00E6C244 /* CoreGraphics.framework in Frameworks */ = {isa = PBXBuildFile; fileRef = 03B92FB81722FBBC00E6C244 /* CoreGraphics.framework */; };
		03B92FBF1722FBBC00E6C244 /* InfoPlist.strings in Resources */ = {isa = PBXBuildFile; fileRef = 03B92FBD1722FBBC00E6C244 /* InfoPlist.strings */; };
		03B92FC11722FBBC00E6C244 /* main.m in Sources */ = {isa = PBXBuildFile; fileRef = 03B92FC01722FBBC00E6C244 /* main.m */; };
		03B92FC51722FBBC00E6C244 /* EVAppDelegate.m in Sources */ = {isa = PBXBuildFile; fileRef = 03B92FC41722FBBC00E6C244 /* EVAppDelegate.m */; };
		03B92FC71722FBBD00E6C244 /* Default.png in Resources */ = {isa = PBXBuildFile; fileRef = 03B92FC61722FBBD00E6C244 /* Default.png */; };
		03B92FC91722FBBD00E6C244 /* Default@2x.png in Resources */ = {isa = PBXBuildFile; fileRef = 03B92FC81722FBBD00E6C244 /* Default@2x.png */; };
		03B92FCB1722FBBD00E6C244 /* Default-568h@2x.png in Resources */ = {isa = PBXBuildFile; fileRef = 03B92FCA1722FBBD00E6C244 /* Default-568h@2x.png */; };
		03B92FCE1722FBBD00E6C244 /* EVViewController.m in Sources */ = {isa = PBXBuildFile; fileRef = 03B92FCD1722FBBD00E6C244 /* EVViewController.m */; };
		03B92FD11722FBBD00E6C244 /* EVViewController.xib in Resources */ = {isa = PBXBuildFile; fileRef = 03B92FCF1722FBBD00E6C244 /* EVViewController.xib */; };
/* End PBXBuildFile section */

/* Begin PBXFileReference section */
		03B92FB11722FBBC00E6C244 /* Colorific.app */ = {isa = PBXFileReference; explicitFileType = wrapper.application; includeInIndex = 0; path = Colorific.app; sourceTree = BUILT_PRODUCTS_DIR; };
		03B92FB41722FBBC00E6C244 /* UIKit.framework */ = {isa = PBXFileReference; lastKnownFileType = wrapper.framework; name = UIKit.framework; path = System/Library/Frameworks/UIKit.framework; sourceTree = SDKROOT; };
		03B92FB61722FBBC00E6C244 /* Foundation.framework */ = {isa = PBXFileReference; lastKnownFileType = wrapper.framework; name = Foundation.framework; path = System/Library/Frameworks/Foundation.framework; sourceTree = SDKROOT; };
		03B92FB81722FBBC00E6C244 /* CoreGraphics.framework */ = {isa = PBXFileReference; lastKnownFileType = wrapper.framework; name = CoreGraphics.framework; path = System/Library/Frameworks/CoreGraphics.framework; sourceTree = SDKROOT; };
		03B92FBC1722FBBC00E6C244 /* Colorific-Info.plist */ = {isa = PBXFileReference; lastKnownFileType = text.plist.xml; path = "Colorific-Info.plist"; sourceTree = "<group>"; };
		03B92FBE1722FBBC00E6C244 /* en */ = {isa = PBXFileReference; lastKnownFileType = text.plist.strings; name = en; path = en.lproj/InfoPlist.strings; sourceTree = "<group>"; };
		03B92FC01722FBBC00E6C244 /* main.m */ = {isa = PBXFileReference; lastKnownFileType = sourcecode.c.objc; path = main.m; sourceTree = "<group>"; };
		03B92FC21722FBBC00E6C244 /* Colorific-Prefix.pch */ = {isa = PBXFileReference; lastKnownFileType = sourcecode.c.h; path = "Colorific-Prefix.pch"; sourceTree = "<group>"; };
		03B92FC31722FBBC00E6C244 /* EVAppDelegate.h */ = {isa = PBXFileReference; lastKnownFileType = sourcecode.c.h; path = EVAppDelegate.h; sourceTree = "<group>"; };
		03B92FC41722FBBC00E6C244 /* EVAppDelegate.m */ = {isa = PBXFileReference; lastKnownFileType = sourcecode.c.objc; path = EVAppDelegate.m; sourceTree = "<group>"; };
		03B92FC61722FBBD00E6C244 /* Default.png */ = {isa = PBXFileReference; lastKnownFileType = image.png; path = Default.png; sourceTree = "<group>"; };
		03B92FC81722FBBD00E6C244 /* Default@2x.png */ = {isa = PBXFileReference; lastKnownFileType = image.png; path = "Default@2x.png"; sourceTree = "<group>"; };
		03B92FCA1722FBBD00E6C244 /* Default-568h@2x.png */ = {isa = PBXFileReference; lastKnownFileType = image.png; path = "Default-568h@2x.png"; sourceTree = "<group>"; };
		03B92FCC1722FBBD00E6C244 /* EVViewController.h */ = {isa = PBXFileReference; lastKnownFileType = sourcecode.c.h; path = EVViewController.h; sourceTree = "<group>"; };
		03B92FCD1722FBBD00E6C244 /* EVViewController.m */ = {isa = PBXFileReference; lastKnownFileType = sourcecode.c.objc; path = EVViewController.m; sourceTree = "<group>"; };
		03B92FD01722FBBD00E6C244 /* en */ = {isa = PBXFileReference; lastKnownFileType = file.xib; name = en; path = en.lproj/EVViewController.xib; sourceTree = "<group>"; };
/* End PBXFileReference section */

/* Begin PBXFrameworksBuildPhase section */
		03B92FAE1722FBBC00E6C244 /* Frameworks */ = {
			isa = PBXFrameworksBuildPhase;
			buildActionMask = 2147483647;
			files = (
				03B92FB51722FBBC00E6C244 /* UIKit.framework in Frameworks */,
				03B92FB71722FBBC00E6C244 /* Foundation.framework in Frameworks */,
				03B92FB91722FBBC00E6C244 /* CoreGraphics.framework in Frameworks */,
			);
			runOnlyForDeploymentPostprocessing = 0;
		};
/* End PBXFrameworksBuildPhase section */

/* Begin PBXGroup section */
		03B92FA81722FBBC00E6C244 = {
			isa = PBXGroup;
			children = (
				03B92FBA1722FBBC00E6C244 /* Colorific */,
				03B92FB31722FBBC00E6C244 /* Frameworks */,
				03B92FB21722FBBC00E6C244 /* Products */,
			);
			sourceTree = "<group>";
		};
		03B92FB21722FBBC00E6C244 /* Products */ = {
			isa = PBXGroup;
			children = (
				03B92FB11722FBBC00E6C244 /* Colorific.app */,
			);
			name = Products;
			sourceTree = "<group>";
		};
		03B92FB31722FBBC00E6C244 /* Frameworks */ = {
			isa = PBXGroup;
			children = (
				03B92FB41722FBBC00E6C244 /* UIKit.framework */,
				03B92FB61722FBBC00E6C244 /* Foundation.framework */,
				03B92FB81722FBBC00E6C244 /* CoreGraphics.framework */,
			);
			name = Frameworks;
			sourceTree = "<group>";
		};
		03B92FBA1722FBBC00E6C244 /* Colorific */ = {
			isa = PBXGroup;
			children = (
				03B92FC31722FBBC00E6C244 /* EVAppDelegate.h */,
				03B92FC41722FBBC00E6C244 /* EVAppDelegate.m */,
				03B92FCC1722FBBD00E6C244 /* EVViewController.h */,
				03B92FCD1722FBBD00E6C244 /* EVViewController.m */,
				03B92FCF1722FBBD00E6C244 /* EVViewController.xib */,
				03B92FBB1722FBBC00E6C244 /* Supporting Files */,
			);
			path = Colorific;
			sourceTree = "<group>";
		};
		03B92FBB1722FBBC00E6C244 /* Supporting Files */ = {
			isa = PBXGroup;
			children = (
				03B92FBC1722FBBC00E6C244 /* Colorific-Info.plist */,
				03B92FBD1722FBBC00E6C244 /* InfoPlist.strings */,
				03B92FC01722FBBC00E6C244 /* main.m */,
				03B92FC21722FBBC00E6C244 /* Colorific-Prefix.pch */,
				03B92FC61722FBBD00E6C244 /* Default.png */,
				03B92FC81722FBBD00E6C244 /* Default@2x.png */,
				03B92FCA1722FBBD00E6C244 /* Default-568h@2x.png */,
			);
			name = "Supporting Files";
			sourceTree = "<group>";
		};
/* End PBXGroup section */

/* Begin PBXNativeTarget section */
		03B92FB01722FBBC00E6C244 /* Colorific */ = {
			isa = PBXNativeTarget;
			buildConfigurationList = 03B92FD41722FBBD00E6C244 /* Build configuration list for PBXNativeTarget "Colorific" */;
			buildPhases = (
				03B92FAD1722FBBC00E6C244 /* Sources */,
				03B92FAE1722FBBC00E6C244 /* Frameworks */,
				03B92FAF1722FBBC00E6C244 /* Resources */,
			);
			buildRules = (
			);
			dependencies = (
			);
			name = Colorific;
			productName = Colorific;
			productReference = 03B92FB11722FBBC00E6C244 /* Colorific.app */;
			productType = "com.apple.product-type.application";
		};
/* End PBXNativeTarget section */

/* Begin PBXProject section */
		03B92FA91722FBBC00E6C244 /* Project object */ = {
			isa = PBXProject;
			attributes = {
				CLASSPREFIX = EV;
				LastUpgradeCheck = 0460;
				ORGANIZATIONNAME = "Erik van der Neut";
			};
			buildConfigurationList = 03B92FAC1722FBBC00E6C244 /* Build configuration list for PBXProject "Colorific" */;
			compatibilityVersion = "Xcode 3.2";
			developmentRegion = English;
			hasScannedForEncodings = 0;
			knownRegions = (
				en,
			);
			mainGroup = 03B92FA81722FBBC00E6C244;
			productRefGroup = 03B92FB21722FBBC00E6C244 /* Products */;
			projectDirPath = "";
			projectRoot = "";
			targets = (
				03B92FB01722FBBC00E6C244 /* Colorific */,
			);
		};
/* End PBXProject section */

/* Begin PBXResourcesBuildPhase section */
		03B92FAF1722FBBC00E6C244 /* Resources */ = {
			isa = PBXResourcesBuildPhase;
			buildActionMask = 2147483647;
			files = (
				03B92FBF1722FBBC00E6C244 /* InfoPlist.strings in Resources */,
				03B92FC71722FBBD00E6C244 /* Default.png in Resources */,
				03B92FC91722FBBD00E6C244 /* Default@2x.png in Resources */,
				03B92FCB1722FBBD00E6C244 /* Default-568h@2x.png in Resources */,
				03B92FD11722FBBD00E6C244 /* EVViewController.xib in Resources */,
			);
			runOnlyForDeploymentPostprocessing = 0;
		};
/* End PBXResourcesBuildPhase section */

/* Begin PBXSourcesBuildPhase section */
		03B92FAD1722FBBC00E6C244 /* Sources */ = {
			isa = PBXSourcesBuildPhase;
			buildActionMask = 2147483647;
			files = (
				03B92FC11722FBBC00E6C244 /* main.m in Sources */,
				03B92FC51722FBBC00E6C244 /* EVAppDelegate.m in Sources */,
				03B92FCE1722FBBD00E6C244 /* EVViewController.m in Sources */,
			);
			runOnlyForDeploymentPostprocessing = 0;
		};
/* End PBXSourcesBuildPhase section */

/* Begin PBXVariantGroup section */
		03B92FBD1722FBBC00E6C244 /* InfoPlist.strings */ = {
			isa = PBXVariantGroup;
			children = (
				03B92FBE1722FBBC00E6C244 /* en */,
			);
			name = InfoPlist.strings;
			sourceTree = "<group>";
		};
		03B92FCF1722FBBD00E6C244 /* EVViewController.xib */ = {
			isa = PBXVariantGroup;
			children = (
				03B92FD01722FBBD00E6C244 /* en */,
			);
			name = EVViewController.xib;
			sourceTree = "<group>";
		};
/* End PBXVariantGroup section */

/* Begin XCBuildConfiguration section */
		03B92FD21722FBBD00E6C244 /* Debug */ = {
			isa = XCBuildConfiguration;
			buildSettings = {
				ALWAYS_SEARCH_USER_PATHS = NO;
				CLANG_CXX_LANGUAGE_STANDARD = "gnu++0x";
				CLANG_CXX_LIBRARY = "libc++";
				CLANG_ENABLE_OBJC_ARC = YES;
				CLANG_WARN_CONSTANT_CONVERSION = YES;
				CLANG_WARN_EMPTY_BODY = YES;
				CLANG_WARN_ENUM_CONVERSION = YES;
				CLANG_WARN_INT_CONVERSION = YES;
				CLANG_WARN__DUPLICATE_METHOD_MATCH = YES;
				"CODE_SIGN_IDENTITY[sdk=iphoneos*]" = "iPhone Developer";
				COPY_PHASE_STRIP = NO;
				GCC_C_LANGUAGE_STANDARD = gnu99;
				GCC_DYNAMIC_NO_PIC = NO;
				GCC_OPTIMIZATION_LEVEL = 0;
				GCC_PREPROCESSOR_DEFINITIONS = (
					"DEBUG=1",
					"$(inherited)",
				);
				GCC_SYMBOLS_PRIVATE_EXTERN = NO;
				GCC_WARN_ABOUT_RETURN_TYPE = YES;
				GCC_WARN_UNINITIALIZED_AUTOS = YES;
				GCC_WARN_UNUSED_VARIABLE = YES;
				IPHONEOS_DEPLOYMENT_TARGET = 6.1;
				ONLY_ACTIVE_ARCH = YES;
				SDKROOT = iphoneos;
			};
			name = Debug;
		};
		03B92FD31722FBBD00E6C244 /* Release */ = {
			isa = XCBuildConfiguration;
			buildSettings = {
				ALWAYS_SEARCH_USER_PATHS = NO;
				CLANG_CXX_LANGUAGE_STANDARD = "gnu++0x";
				CLANG_CXX_LIBRARY = "libc++";
				CLANG_ENABLE_OBJC_ARC = YES;
				CLANG_WARN_CONSTANT_CONVERSION = YES;
				CLANG_WARN_EMPTY_BODY = YES;
				CLANG_WARN_ENUM_CONVERSION = YES;
				CLANG_WARN_INT_CONVERSION = YES;
				CLANG_WARN__DUPLICATE_METHOD_MATCH = YES;
				"CODE_SIGN_IDENTITY[sdk=iphoneos*]" = "iPhone Developer";
				COPY_PHASE_STRIP = YES;
				GCC_C_LANGUAGE_STANDARD = gnu99;
				GCC_WARN_ABOUT_RETURN_TYPE = YES;
				GCC_WARN_UNINITIALIZED_AUTOS = YES;
				GCC_WARN_UNUSED_VARIABLE = YES;
				IPHONEOS_DEPLOYMENT_TARGET = 6.1;
				OTHER_CFLAGS = "-DNS_BLOCK_ASSERTIONS=1";
				SDKROOT = iphoneos;
				VALIDATE_PRODUCT = YES;
			};
			name = Release;
		};
		03B92FD51722FBBD00E6C244 /* Debug */ = {
			isa = XCBuildConfiguration;
			buildSettings = {
				GCC_PRECOMPILE_PREFIX_HEADER = YES;
				GCC_PREFIX_HEADER = "Colorific/Colorific-Prefix.pch";
				INFOPLIST_FILE = "Colorific/Colorific-Info.plist";
				PRODUCT_NAME = "$(TARGET_NAME)";
				WRAPPER_EXTENSION = app;
			};
			name = Debug;
		};
		03B92FD61722FBBD00E6C244 /* Release */ = {
			isa = XCBuildConfiguration;
			buildSettings = {
				GCC_PRECOMPILE_PREFIX_HEADER = YES;
				GCC_PREFIX_HEADER = "Colorific/Colorific-Prefix.pch";
				INFOPLIST_FILE = "Colorific/Colorific-Info.plist";
				PRODUCT_NAME = "$(TARGET_NAME)";
				WRAPPER_EXTENSION = app;
			};
			name = Release;
		};
/* End XCBuildConfiguration section */

/* Begin XCConfigurationList section */
		03B92FAC1722FBBC00E6C244 /* Build configuration list for PBXProject "Colorific" */ = {
			isa = XCConfigurationList;
			buildConfigurations = (
				03B92FD21722FBBD00E6C244 /* Debug */,
				03B92FD31722FBBD00E6C244 /* Release */,
			);
			defaultConfigurationIsVisible = 0;
			defaultConfigurationName = Release;
		};
		03B92FD41722FBBD00E6C244 /* Build configuration list for PBXNativeTarget "Colorific" */ = {
			isa = XCConfigurationList;
			buildConfigurations = (
				03B92FD51722FBBD00E6C244 /* Debug */,
				03B92FD61722FBBD00E6C244 /* Release */,
			);
			defaultConfigurationIsVisible = 0;
		};
/* End XCConfigurationList section */
	};
	rootObject = 03B92FA91722FBBC00E6C244 /* Project object */;
}
